
Microsoft Visual Studio Solution File, Format Version 12.00
# Visual Studio Version 17
VisualStudioVersion = 17.14.36301.6
MinimumVisualStudioVersion = 10.0.40219.1
Project("{2150E333-8FDC-42A3-9474-1A3956D46DE8}") = "Services", "Services", "{02EA681E-C7D8-13C7-8484-4AC65E1B71E8}"
EndProject
Project("{2150E333-8FDC-42A3-9474-1A3956D46DE8}") = "Catalog", "Catalog", "{D7D79E76-018B-457B-8A0D-15CF0E380C9D}"
EndProject
Project("{FAE04EC0-301F-11D3-BF4B-00C04F79EFBC}") = "Catalog.Api", "Services\Catalog\Catalog.Api\Catalog.Api.csproj", "{AD45A9BD-3F63-49DB-9DBD-4CDC4C6B5512}"
EndProject
Project("{2150E333-8FDC-42A3-9474-1A3956D46DE8}") = "BuildingBlocks", "BuildingBlocks", "{DBE312C8-BA8C-4AFB-8228-A080D616B029}"
EndProject
Project("{FAE04EC0-301F-11D3-BF4B-00C04F79EFBC}") = "BuildingBlocks", "BuildingBlocks\BuildingBlocks\BuildingBlocks.csproj", "{581E0A7A-C965-4FE5-A226-5A69147FF66E}"
EndProject
Project("{E53339B2-1760-4266-BCC7-CA923CBCF16C}") = "docker-compose", "docker-compose.dcproj", "{81DDED9D-158B-E303-5F62-77A2896D2A5A}"
EndProject
Project("{2150E333-8FDC-42A3-9474-1A3956D46DE8}") = "Basket", "Basket", "{CD8AAFD9-24E3-4670-8A4F-EEC2F9AFBAF3}"
EndProject
Project("{FAE04EC0-301F-11D3-BF4B-00C04F79EFBC}") = "Basket.Api", "Services\Basket\Basket.Api\Basket.Api.csproj", "{089A9BE7-98E3-4913-86A9-9C115B3BA681}"
EndProject
Project("{2150E333-8FDC-42A3-9474-1A3956D46DE8}") = "Discount", "Discount", "{7748FD01-27F8-4890-BD5B-2842E3A55280}"
EndProject
Project("{FAE04EC0-301F-11D3-BF4B-00C04F79EFBC}") = "Discount.Grpc", "Services\Discount\Discount.Grpc\Discount.Grpc.csproj", "{8210F377-D5CE-4ACE-963F-97974AB2A732}"
EndProject
Project("{2150E333-8FDC-42A3-9474-1A3956D46DE8}") = "Ordering", "Ordering", "{94699690-406A-4620-88FE-45BDC3C7DD90}"
EndProject
Project("{FAE04EC0-301F-11D3-BF4B-00C04F79EFBC}") = "Ordering.Api", "Services\Ordering\Ordering.Api\Ordering.Api.csproj", "{60B71977-6CE2-4F51-82EC-84A3BC9CC771}"
EndProject
Project("{FAE04EC0-301F-11D3-BF4B-00C04F79EFBC}") = "Ordering.Domain", "Services\Ordering\Ordering.Domain\Ordering.Domain.csproj", "{908368A1-1CD4-4B77-B527-2B863650B8A8}"
EndProject
Project("{FAE04EC0-301F-11D3-BF4B-00C04F79EFBC}") = "Ordering.Application", "Services\Ordering\Ordering.Application\Ordering.Application.csproj", "{1E067918-C292-4940-8FAE-CB09E2EF97DC}"
EndProject
Project("{FAE04EC0-301F-11D3-BF4B-00C04F79EFBC}") = "Ordering.Infrastructure", "Services\Ordering\Ordering.Infrastructure\Ordering.Infrastructure.csproj", "{C4A8AD7A-64E4-4D02-94C1-0B118C331338}"
EndProject
Global
	GlobalSection(SolutionConfigurationPlatforms) = preSolution
		Debug|Any CPU = Debug|Any CPU
		Release|Any CPU = Release|Any CPU
	EndGlobalSection
	GlobalSection(ProjectConfigurationPlatforms) = postSolution
		{AD45A9BD-3F63-49DB-9DBD-4CDC4C6B5512}.Debug|Any CPU.ActiveCfg = Debug|Any CPU
		{AD45A9BD-3F63-49DB-9DBD-4CDC4C6B5512}.Debug|Any CPU.Build.0 = Debug|Any CPU
		{AD45A9BD-3F63-49DB-9DBD-4CDC4C6B5512}.Release|Any CPU.ActiveCfg = Release|Any CPU
		{AD45A9BD-3F63-49DB-9DBD-4CDC4C6B5512}.Release|Any CPU.Build.0 = Release|Any CPU
		{581E0A7A-C965-4FE5-A226-5A69147FF66E}.Debug|Any CPU.ActiveCfg = Debug|Any CPU
		{581E0A7A-C965-4FE5-A226-5A69147FF66E}.Debug|Any CPU.Build.0 = Debug|Any CPU
		{581E0A7A-C965-4FE5-A226-5A69147FF66E}.Release|Any CPU.ActiveCfg = Release|Any CPU
		{581E0A7A-C965-4FE5-A226-5A69147FF66E}.Release|Any CPU.Build.0 = Release|Any CPU
		{81DDED9D-158B-E303-5F62-77A2896D2A5A}.Debug|Any CPU.ActiveCfg = Debug|Any CPU
		{81DDED9D-158B-E303-5F62-77A2896D2A5A}.Debug|Any CPU.Build.0 = Debug|Any CPU
		{81DDED9D-158B-E303-5F62-77A2896D2A5A}.Release|Any CPU.ActiveCfg = Release|Any CPU
		{81DDED9D-158B-E303-5F62-77A2896D2A5A}.Release|Any CPU.Build.0 = Release|Any CPU
		{089A9BE7-98E3-4913-86A9-9C115B3BA681}.Debug|Any CPU.ActiveCfg = Debug|Any CPU
		{089A9BE7-98E3-4913-86A9-9C115B3BA681}.Debug|Any CPU.Build.0 = Debug|Any CPU
		{089A9BE7-98E3-4913-86A9-9C115B3BA681}.Release|Any CPU.ActiveCfg = Release|Any CPU
		{089A9BE7-98E3-4913-86A9-9C115B3BA681}.Release|Any CPU.Build.0 = Release|Any CPU
		{8210F377-D5CE-4ACE-963F-97974AB2A732}.Debug|Any CPU.ActiveCfg = Debug|Any CPU
		{8210F377-D5CE-4ACE-963F-97974AB2A732}.Debug|Any CPU.Build.0 = Debug|Any CPU
		{8210F377-D5CE-4ACE-963F-97974AB2A732}.Release|Any CPU.ActiveCfg = Release|Any CPU
		{8210F377-D5CE-4ACE-963F-97974AB2A732}.Release|Any CPU.Build.0 = Release|Any CPU
		{60B71977-6CE2-4F51-82EC-84A3BC9CC771}.Debug|Any CPU.ActiveCfg = Debug|Any CPU
		{60B71977-6CE2-4F51-82EC-84A3BC9CC771}.Debug|Any CPU.Build.0 = Debug|Any CPU
		{60B71977-6CE2-4F51-82EC-84A3BC9CC771}.Release|Any CPU.ActiveCfg = Release|Any CPU
		{60B71977-6CE2-4F51-82EC-84A3BC9CC771}.Release|Any CPU.Build.0 = Release|Any CPU
		{908368A1-1CD4-4B77-B527-2B863650B8A8}.Debug|Any CPU.ActiveCfg = Debug|Any CPU
		{908368A1-1CD4-4B77-B527-2B863650B8A8}.Debug|Any CPU.Build.0 = Debug|Any CPU
		{908368A1-1CD4-4B77-B527-2B863650B8A8}.Release|Any CPU.ActiveCfg = Release|Any CPU
		{908368A1-1CD4-4B77-B527-2B863650B8A8}.Release|Any CPU.Build.0 = Release|Any CPU
		{1E067918-C292-4940-8FAE-CB09E2EF97DC}.Debug|Any CPU.ActiveCfg = Debug|Any CPU
		{1E067918-C292-4940-8FAE-CB09E2EF97DC}.Debug|Any CPU.Build.0 = Debug|Any CPU
		{1E067918-C292-4940-8FAE-CB09E2EF97DC}.Release|Any CPU.ActiveCfg = Release|Any CPU
		{1E067918-C292-4940-8FAE-CB09E2EF97DC}.Release|Any CPU.Build.0 = Release|Any CPU
		{C4A8AD7A-64E4-4D02-94C1-0B118C331338}.Debug|Any CPU.ActiveCfg = Debug|Any CPU
		{C4A8AD7A-64E4-4D02-94C1-0B118C331338}.Debug|Any CPU.Build.0 = Debug|Any CPU
		{C4A8AD7A-64E4-4D02-94C1-0B118C331338}.Release|Any CPU.ActiveCfg = Release|Any CPU
		{C4A8AD7A-64E4-4D02-94C1-0B118C331338}.Release|Any CPU.Build.0 = Release|Any CPU
	EndGlobalSection
	GlobalSection(SolutionProperties) = preSolution
		HideSolutionNode = FALSE
	EndGlobalSection
	GlobalSection(NestedProjects) = preSolution
		{D7D79E76-018B-457B-8A0D-15CF0E380C9D} = {02EA681E-C7D8-13C7-8484-4AC65E1B71E8}
		{AD45A9BD-3F63-49DB-9DBD-4CDC4C6B5512} = {D7D79E76-018B-457B-8A0D-15CF0E380C9D}
		{581E0A7A-C965-4FE5-A226-5A69147FF66E} = {DBE312C8-BA8C-4AFB-8228-A080D616B029}
		{CD8AAFD9-24E3-4670-8A4F-EEC2F9AFBAF3} = {02EA681E-C7D8-13C7-8484-4AC65E1B71E8}
		{089A9BE7-98E3-4913-86A9-9C115B3BA681} = {CD8AAFD9-24E3-4670-8A4F-EEC2F9AFBAF3}
		{7748FD01-27F8-4890-BD5B-2842E3A55280} = {02EA681E-C7D8-13C7-8484-4AC65E1B71E8}
		{8210F377-D5CE-4ACE-963F-97974AB2A732} = {7748FD01-27F8-4890-BD5B-2842E3A55280}
		{94699690-406A-4620-88FE-45BDC3C7DD90} = {02EA681E-C7D8-13C7-8484-4AC65E1B71E8}
		{60B71977-6CE2-4F51-82EC-84A3BC9CC771} = {94699690-406A-4620-88FE-45BDC3C7DD90}
		{908368A1-1CD4-4B77-B527-2B863650B8A8} = {94699690-406A-4620-88FE-45BDC3C7DD90}
		{1E067918-C292-4940-8FAE-CB09E2EF97DC} = {94699690-406A-4620-88FE-45BDC3C7DD90}
		{C4A8AD7A-64E4-4D02-94C1-0B118C331338} = {94699690-406A-4620-88FE-45BDC3C7DD90}
	EndGlobalSection
	GlobalSection(ExtensibilityGlobals) = postSolution
		SolutionGuid = {2AC108CA-32F4-4D61-B0C8-1DFE6B21803D}
	EndGlobalSection
EndGlobal
